
Microsoft Visual Studio Solution File, Format Version 12.00
# Visual Studio Version 16
VisualStudioVersion = 16.0.29326.143
MinimumVisualStudioVersion = 10.0.40219.1
Project("{888888A0-9F3D-457C-B088-3A5042F75D52}") = "TikTok-Follow-V.2", "TikTok-Follow-V.2.pyproj", "{0011AF2C-90E0-44DF-BD16-FA441D32F0FE}"
EndProject
Global
	GlobalSection(SolutionConfigurationPlatforms) = preSolution
		Debug|Any CPU = Debug|Any CPU
		Release|Any CPU = Release|Any CPU
	EndGlobalSection
	GlobalSection(ProjectConfigurationPlatforms) = postSolution
		{0011AF2C-90E0-44DF-BD16-FA441D32F0FE}.Debug|Any CPU.ActiveCfg = Debug|Any CPU
		{0011AF2C-90E0-44DF-BD16-FA441D32F0FE}.Release|Any CPU.ActiveCfg = Release|Any CPU
	EndGlobalSection
	GlobalSection(SolutionProperties) = preSolution
		HideSolutionNode = FALSE
	EndGlobalSection
	GlobalSection(ExtensibilityGlobals) = postSolution
		SolutionGuid = {93B49404-4491-4D97-A5AD-B7409AC5D307}
	EndGlobalSection
EndGlobal
